// !$*UTF8*$!
{
	archiveVersion = 1;
	classes = {
	};
	objectVersion = 56;
	objects = {

/* Begin PBXBuildFile section */
		3365D3612BEE62E700AF1542 /* ResumeBuilderAIApp.swift in Sources */ = {isa = PBXBuildFile; fileRef = 3365D3602BEE62E700AF1542 /* ResumeBuilderAIApp.swift */; };
		3365D3632BEE62E700AF1542 /* ContentView.swift in Sources */ = {isa = PBXBuildFile; fileRef = 3365D3622BEE62E700AF1542 /* ContentView.swift */; };
		3365D3652BEE62E800AF1542 /* Assets.xcassets in Resources */ = {isa = PBXBuildFile; fileRef = 3365D3642BEE62E800AF1542 /* Assets.xcassets */; };
		3365D3692BEE62E800AF1542 /* Preview Assets.xcassets in Resources */ = {isa = PBXBuildFile; fileRef = 3365D3682BEE62E800AF1542 /* Preview Assets.xcassets */; };
		3365D3732BEE62E800AF1542 /* ResumeBuilderAITests.swift in Sources */ = {isa = PBXBuildFile; fileRef = 3365D3722BEE62E800AF1542 /* ResumeBuilderAITests.swift */; };
		3365D37D2BEE62E800AF1542 /* ResumeBuilderAIUITests.swift in Sources */ = {isa = PBXBuildFile; fileRef = 3365D37C2BEE62E800AF1542 /* ResumeBuilderAIUITests.swift */; };
		3365D37F2BEE62E800AF1542 /* ResumeBuilderAIUITestsLaunchTests.swift in Sources */ = {isa = PBXBuildFile; fileRef = 3365D37E2BEE62E800AF1542 /* ResumeBuilderAIUITestsLaunchTests.swift */; };
/* End PBXBuildFile section */

/* Begin PBXContainerItemProxy section */
		3365D36F2BEE62E800AF1542 /* PBXContainerItemProxy */ = {
			isa = PBXContainerItemProxy;
			containerPortal = 3365D3552BEE62E700AF1542 /* Project object */;
			proxyType = 1;
			remoteGlobalIDString = 3365D35C2BEE62E700AF1542;
			remoteInfo = ResumeBuilderAI;
		};
		3365D3792BEE62E800AF1542 /* PBXContainerItemProxy */ = {
			isa = PBXContainerItemProxy;
			containerPortal = 3365D3552BEE62E700AF1542 /* Project object */;
			proxyType = 1;
			remoteGlobalIDString = 3365D35C2BEE62E700AF1542;
			remoteInfo = ResumeBuilderAI;
		};
/* End PBXContainerItemProxy section */

/* Begin PBXFileReference section */
		3365D35D2BEE62E700AF1542 /* ResumeBuilderAI.app */ = {isa = PBXFileReference; explicitFileType = wrapper.application; includeInIndex = 0; path = ResumeBuilderAI.app; sourceTree = BUILT_PRODUCTS_DIR; };
		3365D3602BEE62E700AF1542 /* ResumeBuilderAIApp.swift */ = {isa = PBXFileReference; lastKnownFileType = sourcecode.swift; path = ResumeBuilderAIApp.swift; sourceTree = "<group>"; };
		3365D3622BEE62E700AF1542 /* ContentView.swift */ = {isa = PBXFileReference; lastKnownFileType = sourcecode.swift; path = ContentView.swift; sourceTree = "<group>"; };
		3365D3642BEE62E800AF1542 /* Assets.xcassets */ = {isa = PBXFileReference; lastKnownFileType = folder.assetcatalog; path = Assets.xcassets; sourceTree = "<group>"; };
		3365D3662BEE62E800AF1542 /* ResumeBuilderAI.entitlements */ = {isa = PBXFileReference; lastKnownFileType = text.plist.entitlements; path = ResumeBuilderAI.entitlements; sourceTree = "<group>"; };
		3365D3682BEE62E800AF1542 /* Preview Assets.xcassets */ = {isa = PBXFileReference; lastKnownFileType = folder.assetcatalog; path = "Preview Assets.xcassets"; sourceTree = "<group>"; };
		3365D36E2BEE62E800AF1542 /* ResumeBuilderAITests.xctest */ = {isa = PBXFileReference; explicitFileType = wrapper.cfbundle; includeInIndex = 0; path = ResumeBuilderAITests.xctest; sourceTree = BUILT_PRODUCTS_DIR; };
		3365D3722BEE62E800AF1542 /* ResumeBuilderAITests.swift */ = {isa = PBXFileReference; lastKnownFileType = sourcecode.swift; path = ResumeBuilderAITests.swift; sourceTree = "<group>"; };
		3365D3782BEE62E800AF1542 /* ResumeBuilderAIUITests.xctest */ = {isa = PBXFileReference; explicitFileType = wrapper.cfbundle; includeInIndex = 0; path = ResumeBuilderAIUITests.xctest; sourceTree = BUILT_PRODUCTS_DIR; };
		3365D37C2BEE62E800AF1542 /* ResumeBuilderAIUITests.swift */ = {isa = PBXFileReference; lastKnownFileType = sourcecode.swift; path = ResumeBuilderAIUITests.swift; sourceTree = "<group>"; };
		3365D37E2BEE62E800AF1542 /* ResumeBuilderAIUITestsLaunchTests.swift */ = {isa = PBXFileReference; lastKnownFileType = sourcecode.swift; path = ResumeBuilderAIUITestsLaunchTests.swift; sourceTree = "<group>"; };
/* End PBXFileReference section */

/* Begin PBXFrameworksBuildPhase section */
		3365D35A2BEE62E700AF1542 /* Frameworks */ = {
			isa = PBXFrameworksBuildPhase;
			buildActionMask = 2147483647;
			files = (
			);
			runOnlyForDeploymentPostprocessing = 0;
		};
		3365D36B2BEE62E800AF1542 /* Frameworks */ = {
			isa = PBXFrameworksBuildPhase;
			buildActionMask = 2147483647;
			files = (
			);
			runOnlyForDeploymentPostprocessing = 0;
		};
		3365D3752BEE62E800AF1542 /* Frameworks */ = {
			isa = PBXFrameworksBuildPhase;
			buildActionMask = 2147483647;
			files = (
			);
			runOnlyForDeploymentPostprocessing = 0;
		};
/* End PBXFrameworksBuildPhase section */

/* Begin PBXGroup section */
		3365D3542BEE62E700AF1542 = {
			isa = PBXGroup;
			children = (
				3365D35F2BEE62E700AF1542 /* ResumeBuilderAI */,
				3365D3712BEE62E800AF1542 /* ResumeBuilderAITests */,
				3365D37B2BEE62E800AF1542 /* ResumeBuilderAIUITests */,
				3365D35E2BEE62E700AF1542 /* Products */,
			);
			sourceTree = "<group>";
		};
		3365D35E2BEE62E700AF1542 /* Products */ = {
			isa = PBXGroup;
			children = (
				3365D35D2BEE62E700AF1542 /* ResumeBuilderAI.app */,
				3365D36E2BEE62E800AF1542 /* ResumeBuilderAITests.xctest */,
				3365D3782BEE62E800AF1542 /* ResumeBuilderAIUITests.xctest */,
			);
			name = Products;
			sourceTree = "<group>";
		};
		3365D35F2BEE62E700AF1542 /* ResumeBuilderAI */ = {
			isa = PBXGroup;
			children = (
				3365D3602BEE62E700AF1542 /* ResumeBuilderAIApp.swift */,
				3365D3622BEE62E700AF1542 /* ContentView.swift */,
				3365D3642BEE62E800AF1542 /* Assets.xcassets */,
				3365D3662BEE62E800AF1542 /* ResumeBuilderAI.entitlements */,
				3365D3672BEE62E800AF1542 /* Preview Content */,
			);
			path = ResumeBuilderAI;
			sourceTree = "<group>";
		};
		3365D3672BEE62E800AF1542 /* Preview Content */ = {
			isa = PBXGroup;
			children = (
				3365D3682BEE62E800AF1542 /* Preview Assets.xcassets */,
			);
			path = "Preview Content";
			sourceTree = "<group>";
		};
		3365D3712BEE62E800AF1542 /* ResumeBuilderAITests */ = {
			isa = PBXGroup;
			children = (
				3365D3722BEE62E800AF1542 /* ResumeBuilderAITests.swift */,
			);
			path = ResumeBuilderAITests;
			sourceTree = "<group>";
		};
		3365D37B2BEE62E800AF1542 /* ResumeBuilderAIUITests */ = {
			isa = PBXGroup;
			children = (
				3365D37C2BEE62E800AF1542 /* ResumeBuilderAIUITests.swift */,
				3365D37E2BEE62E800AF1542 /* ResumeBuilderAIUITestsLaunchTests.swift */,
			);
			path = ResumeBuilderAIUITests;
			sourceTree = "<group>";
		};
/* End PBXGroup section */

/* Begin PBXNativeTarget section */
		3365D35C2BEE62E700AF1542 /* ResumeBuilderAI */ = {
			isa = PBXNativeTarget;
			buildConfigurationList = 3365D3822BEE62E800AF1542 /* Build configuration list for PBXNativeTarget "ResumeBuilderAI" */;
			buildPhases = (
				3365D3592BEE62E700AF1542 /* Sources */,
				3365D35A2BEE62E700AF1542 /* Frameworks */,
				3365D35B2BEE62E700AF1542 /* Resources */,
			);
			buildRules = (
			);
			dependencies = (
			);
			name = ResumeBuilderAI;
			productName = ResumeBuilderAI;
			productReference = 3365D35D2BEE62E700AF1542 /* ResumeBuilderAI.app */;
			productType = "com.apple.product-type.application";
		};
		3365D36D2BEE62E800AF1542 /* ResumeBuilderAITests */ = {
			isa = PBXNativeTarget;
			buildConfigurationList = 3365D3852BEE62E800AF1542 /* Build configuration list for PBXNativeTarget "ResumeBuilderAITests" */;
			buildPhases = (
				3365D36A2BEE62E800AF1542 /* Sources */,
				3365D36B2BEE62E800AF1542 /* Frameworks */,
				3365D36C2BEE62E800AF1542 /* Resources */,
			);
			buildRules = (
			);
			dependencies = (
				3365D3702BEE62E800AF1542 /* PBXTargetDependency */,
			);
			name = ResumeBuilderAITests;
			productName = ResumeBuilderAITests;
			productReference = 3365D36E2BEE62E800AF1542 /* ResumeBuilderAITests.xctest */;
			productType = "com.apple.product-type.bundle.unit-test";
		};
		3365D3772BEE62E800AF1542 /* ResumeBuilderAIUITests */ = {
			isa = PBXNativeTarget;
			buildConfigurationList = 3365D3882BEE62E800AF1542 /* Build configuration list for PBXNativeTarget "ResumeBuilderAIUITests" */;
			buildPhases = (
				3365D3742BEE62E800AF1542 /* Sources */,
				3365D3752BEE62E800AF1542 /* Frameworks */,
				3365D3762BEE62E800AF1542 /* Resources */,
			);
			buildRules = (
			);
			dependencies = (
				3365D37A2BEE62E800AF1542 /* PBXTargetDependency */,
			);
			name = ResumeBuilderAIUITests;
			productName = ResumeBuilderAIUITests;
			productReference = 3365D3782BEE62E800AF1542 /* ResumeBuilderAIUITests.xctest */;
			productType = "com.apple.product-type.bundle.ui-testing";
		};
/* End PBXNativeTarget section */

/* Begin PBXProject section */
		3365D3552BEE62E700AF1542 /* Project object */ = {
			isa = PBXProject;
			attributes = {
				BuildIndependentTargetsInParallel = 1;
				LastSwiftUpdateCheck = 1530;
				LastUpgradeCheck = 1530;
				TargetAttributes = {
					3365D35C2BEE62E700AF1542 = {
						CreatedOnToolsVersion = 15.3;
					};
					3365D36D2BEE62E800AF1542 = {
						CreatedOnToolsVersion = 15.3;
						TestTargetID = 3365D35C2BEE62E700AF1542;
					};
					3365D3772BEE62E800AF1542 = {
						CreatedOnToolsVersion = 15.3;
						TestTargetID = 3365D35C2BEE62E700AF1542;
					};
				};
			};
			buildConfigurationList = 3365D3582BEE62E700AF1542 /* Build configuration list for PBXProject "ResumeBuilderAI" */;
			compatibilityVersion = "Xcode 14.0";
			developmentRegion = en;
			hasScannedForEncodings = 0;
			knownRegions = (
				en,
				Base,
			);
			mainGroup = 3365D3542BEE62E700AF1542;
			productRefGroup = 3365D35E2BEE62E700AF1542 /* Products */;
			projectDirPath = "";
			projectRoot = "";
			targets = (
				3365D35C2BEE62E700AF1542 /* ResumeBuilderAI */,
				3365D36D2BEE62E800AF1542 /* ResumeBuilderAITests */,
				3365D3772BEE62E800AF1542 /* ResumeBuilderAIUITests */,
			);
		};
/* End PBXProject section */

/* Begin PBXResourcesBuildPhase section */
		3365D35B2BEE62E700AF1542 /* Resources */ = {
			isa = PBXResourcesBuildPhase;
			buildActionMask = 2147483647;
			files = (
				3365D3692BEE62E800AF1542 /* Preview Assets.xcassets in Resources */,
				3365D3652BEE62E800AF1542 /* Assets.xcassets in Resources */,
			);
			runOnlyForDeploymentPostprocessing = 0;
		};
		3365D36C2BEE62E800AF1542 /* Resources */ = {
			isa = PBXResourcesBuildPhase;
			buildActionMask = 2147483647;
			files = (
			);
			runOnlyForDeploymentPostprocessing = 0;
		};
		3365D3762BEE62E800AF1542 /* Resources */ = {
			isa = PBXResourcesBuildPhase;
			buildActionMask = 2147483647;
			files = (
			);
			runOnlyForDeploymentPostprocessing = 0;
		};
/* End PBXResourcesBuildPhase section */

/* Begin PBXSourcesBuildPhase section */
		3365D3592BEE62E700AF1542 /* Sources */ = {
			isa = PBXSourcesBuildPhase;
			buildActionMask = 2147483647;
			files = (
				3365D3632BEE62E700AF1542 /* ContentView.swift in Sources */,
				3365D3612BEE62E700AF1542 /* ResumeBuilderAIApp.swift in Sources */,
			);
			runOnlyForDeploymentPostprocessing = 0;
		};
		3365D36A2BEE62E800AF1542 /* Sources */ = {
			isa = PBXSourcesBuildPhase;
			buildActionMask = 2147483647;
			files = (
				3365D3732BEE62E800AF1542 /* ResumeBuilderAITests.swift in Sources */,
			);
			runOnlyForDeploymentPostprocessing = 0;
		};
		3365D3742BEE62E800AF1542 /* Sources */ = {
			isa = PBXSourcesBuildPhase;
			buildActionMask = 2147483647;
			files = (
				3365D37D2BEE62E800AF1542 /* ResumeBuilderAIUITests.swift in Sources */,
				3365D37F2BEE62E800AF1542 /* ResumeBuilderAIUITestsLaunchTests.swift in Sources */,
			);
			runOnlyForDeploymentPostprocessing = 0;
		};
/* End PBXSourcesBuildPhase section */

/* Begin PBXTargetDependency section */
		3365D3702BEE62E800AF1542 /* PBXTargetDependency */ = {
			isa = PBXTargetDependency;
			target = 3365D35C2BEE62E700AF1542 /* ResumeBuilderAI */;
			targetProxy = 3365D36F2BEE62E800AF1542 /* PBXContainerItemProxy */;
		};
		3365D37A2BEE62E800AF1542 /* PBXTargetDependency */ = {
			isa = PBXTargetDependency;
			target = 3365D35C2BEE62E700AF1542 /* ResumeBuilderAI */;
			targetProxy = 3365D3792BEE62E800AF1542 /* PBXContainerItemProxy */;
		};
/* End PBXTargetDependency section */

/* Begin XCBuildConfiguration section */
		3365D3802BEE62E800AF1542 /* Debug */ = {
			isa = XCBuildConfiguration;
			buildSettings = {
				ALWAYS_SEARCH_USER_PATHS = NO;
				ASSETCATALOG_COMPILER_GENERATE_SWIFT_ASSET_SYMBOL_EXTENSIONS = YES;
				CLANG_ANALYZER_NONNULL = YES;
				CLANG_ANALYZER_NUMBER_OBJECT_CONVERSION = YES_AGGRESSIVE;
				CLANG_CXX_LANGUAGE_STANDARD = "gnu++20";
				CLANG_ENABLE_MODULES = YES;
				CLANG_ENABLE_OBJC_ARC = YES;
				CLANG_ENABLE_OBJC_WEAK = YES;
				CLANG_WARN_BLOCK_CAPTURE_AUTORELEASING = YES;
				CLANG_WARN_BOOL_CONVERSION = YES;
				CLANG_WARN_COMMA = YES;
				CLANG_WARN_CONSTANT_CONVERSION = YES;
				CLANG_WARN_DEPRECATED_OBJC_IMPLEMENTATIONS = YES;
				CLANG_WARN_DIRECT_OBJC_ISA_USAGE = YES_ERROR;
				CLANG_WARN_DOCUMENTATION_COMMENTS = YES;
				CLANG_WARN_EMPTY_BODY = YES;
				CLANG_WARN_ENUM_CONVERSION = YES;
				CLANG_WARN_INFINITE_RECURSION = YES;
				CLANG_WARN_INT_CONVERSION = YES;
				CLANG_WARN_NON_LITERAL_NULL_CONVERSION = YES;
				CLANG_WARN_OBJC_IMPLICIT_RETAIN_SELF = YES;
				CLANG_WARN_OBJC_LITERAL_CONVERSION = YES;
				CLANG_WARN_OBJC_ROOT_CLASS = YES_ERROR;
				CLANG_WARN_QUOTED_INCLUDE_IN_FRAMEWORK_HEADER = YES;
				CLANG_WARN_RANGE_LOOP_ANALYSIS = YES;
				CLANG_WARN_STRICT_PROTOTYPES = YES;
				CLANG_WARN_SUSPICIOUS_MOVE = YES;
				CLANG_WARN_UNGUARDED_AVAILABILITY = YES_AGGRESSIVE;
				CLANG_WARN_UNREACHABLE_CODE = YES;
				CLANG_WARN__DUPLICATE_METHOD_MATCH = YES;
				COPY_PHASE_STRIP = NO;
				DEBUG_INFORMATION_FORMAT = dwarf;
				ENABLE_STRICT_OBJC_MSGSEND = YES;
				ENABLE_TESTABILITY = YES;
				ENABLE_USER_SCRIPT_SANDBOXING = YES;
				GCC_C_LANGUAGE_STANDARD = gnu17;
				GCC_DYNAMIC_NO_PIC = NO;
				GCC_NO_COMMON_BLOCKS = YES;
				GCC_OPTIMIZATION_LEVEL = 0;
				GCC_PREPROCESSOR_DEFINITIONS = (
					"DEBUG=1",
					"$(inherited)",
				);
				GCC_WARN_64_TO_32_BIT_CONVERSION = YES;
				GCC_WARN_ABOUT_RETURN_TYPE = YES_ERROR;
				GCC_WARN_UNDECLARED_SELECTOR = YES;
				GCC_WARN_UNINITIALIZED_AUTOS = YES_AGGRESSIVE;
				GCC_WARN_UNUSED_FUNCTION = YES;
				GCC_WARN_UNUSED_VARIABLE = YES;
				LOCALIZATION_PREFERS_STRING_CATALOGS = YES;
				MTL_ENABLE_DEBUG_INFO = INCLUDE_SOURCE;
				MTL_FAST_MATH = YES;
				ONLY_ACTIVE_ARCH = YES;
				SWIFT_ACTIVE_COMPILATION_CONDITIONS = "DEBUG $(inherited)";
				SWIFT_OPTIMIZATION_LEVEL = "-Onone";
			};
			name = Debug;
		};
		3365D3812BEE62E800AF1542 /* Release */ = {
			isa = XCBuildConfiguration;
			buildSettings = {
				ALWAYS_SEARCH_USER_PATHS = NO;
				ASSETCATALOG_COMPILER_GENERATE_SWIFT_ASSET_SYMBOL_EXTENSIONS = YES;
				CLANG_ANALYZER_NONNULL = YES;
				CLANG_ANALYZER_NUMBER_OBJECT_CONVERSION = YES_AGGRESSIVE;
				CLANG_CXX_LANGUAGE_STANDARD = "gnu++20";
				CLANG_ENABLE_MODULES = YES;
				CLANG_ENABLE_OBJC_ARC = YES;
				CLANG_ENABLE_OBJC_WEAK = YES;
				CLANG_WARN_BLOCK_CAPTURE_AUTORELEASING = YES;
				CLANG_WARN_BOOL_CONVERSION = YES;
				CLANG_WARN_COMMA = YES;
				CLANG_WARN_CONSTANT_CONVERSION = YES;
				CLANG_WARN_DEPRECATED_OBJC_IMPLEMENTATIONS = YES;
				CLANG_WARN_DIRECT_OBJC_ISA_USAGE = YES_ERROR;
				CLANG_WARN_DOCUMENTATION_COMMENTS = YES;
				CLANG_WARN_EMPTY_BODY = YES;
				CLANG_WARN_ENUM_CONVERSION = YES;
				CLANG_WARN_INFINITE_RECURSION = YES;
				CLANG_WARN_INT_CONVERSION = YES;
				CLANG_WARN_NON_LITERAL_NULL_CONVERSION = YES;
				CLANG_WARN_OBJC_IMPLICIT_RETAIN_SELF = YES;
				CLANG_WARN_OBJC_LITERAL_CONVERSION = YES;
				CLANG_WARN_OBJC_ROOT_CLASS = YES_ERROR;
				CLANG_WARN_QUOTED_INCLUDE_IN_FRAMEWORK_HEADER = YES;
				CLANG_WARN_RANGE_LOOP_ANALYSIS = YES;
				CLANG_WARN_STRICT_PROTOTYPES = YES;
				CLANG_WARN_SUSPICIOUS_MOVE = YES;
				CLANG_WARN_UNGUARDED_AVAILABILITY = YES_AGGRESSIVE;
				CLANG_WARN_UNREACHABLE_CODE = YES;
				CLANG_WARN__DUPLICATE_METHOD_MATCH = YES;
				COPY_PHASE_STRIP = NO;
				DEBUG_INFORMATION_FORMAT = "dwarf-with-dsym";
				ENABLE_NS_ASSERTIONS = NO;
				ENABLE_STRICT_OBJC_MSGSEND = YES;
				ENABLE_USER_SCRIPT_SANDBOXING = YES;
				GCC_C_LANGUAGE_STANDARD = gnu17;
				GCC_NO_COMMON_BLOCKS = YES;
				GCC_WARN_64_TO_32_BIT_CONVERSION = YES;
				GCC_WARN_ABOUT_RETURN_TYPE = YES_ERROR;
				GCC_WARN_UNDECLARED_SELECTOR = YES;
				GCC_WARN_UNINITIALIZED_AUTOS = YES_AGGRESSIVE;
				GCC_WARN_UNUSED_FUNCTION = YES;
				GCC_WARN_UNUSED_VARIABLE = YES;
				LOCALIZATION_PREFERS_STRING_CATALOGS = YES;
				MTL_ENABLE_DEBUG_INFO = NO;
				MTL_FAST_MATH = YES;
				SWIFT_COMPILATION_MODE = wholemodule;
			};
			name = Release;
		};
		3365D3832BEE62E800AF1542 /* Debug */ = {
			isa = XCBuildConfiguration;
			buildSettings = {
				ASSETCATALOG_COMPILER_APPICON_NAME = AppIcon;
				ASSETCATALOG_COMPILER_GLOBAL_ACCENT_COLOR_NAME = AccentColor;
				CODE_SIGN_ENTITLEMENTS = ResumeBuilderAI/ResumeBuilderAI.entitlements;
				CODE_SIGN_STYLE = Automatic;
				CURRENT_PROJECT_VERSION = 1;
				DEVELOPMENT_ASSET_PATHS = "\"ResumeBuilderAI/Preview Content\"";
				DEVELOPMENT_TEAM = ME637H7ZM9;
				ENABLE_HARDENED_RUNTIME = YES;
				ENABLE_PREVIEWS = YES;
				GENERATE_INFOPLIST_FILE = YES;
				"INFOPLIST_KEY_UIApplicationSceneManifest_Generation[sdk=iphoneos*]" = YES;
				"INFOPLIST_KEY_UIApplicationSceneManifest_Generation[sdk=iphonesimulator*]" = YES;
				"INFOPLIST_KEY_UIApplicationSupportsIndirectInputEvents[sdk=iphoneos*]" = YES;
				"INFOPLIST_KEY_UIApplicationSupportsIndirectInputEvents[sdk=iphonesimulator*]" = YES;
				"INFOPLIST_KEY_UILaunchScreen_Generation[sdk=iphoneos*]" = YES;
				"INFOPLIST_KEY_UILaunchScreen_Generation[sdk=iphonesimulator*]" = YES;
				"INFOPLIST_KEY_UIStatusBarStyle[sdk=iphoneos*]" = UIStatusBarStyleDefault;
				"INFOPLIST_KEY_UIStatusBarStyle[sdk=iphonesimulator*]" = UIStatusBarStyleDefault;
				INFOPLIST_KEY_UISupportedInterfaceOrientations_iPad = "UIInterfaceOrientationPortrait UIInterfaceOrientationPortraitUpsideDown UIInterfaceOrientationLandscapeLeft UIInterfaceOrientationLandscapeRight";
				INFOPLIST_KEY_UISupportedInterfaceOrientations_iPhone = "UIInterfaceOrientationPortrait UIInterfaceOrientationLandscapeLeft UIInterfaceOrientationLandscapeRight";
				IPHONEOS_DEPLOYMENT_TARGET = 17.4;
				LD_RUNPATH_SEARCH_PATHS = "@executable_path/Frameworks";
				"LD_RUNPATH_SEARCH_PATHS[sdk=macosx*]" = "@executable_path/../Frameworks";
				MACOSX_DEPLOYMENT_TARGET = 14.4;
				MARKETING_VERSION = 1.0;
				PRODUCT_BUNDLE_IDENTIFIER = com.deda.ResumeBuilderAI;
				PRODUCT_NAME = "$(TARGET_NAME)";
				SDKROOT = auto;
				SUPPORTED_PLATFORMS = "iphoneos iphonesimulator macosx";
				SWIFT_EMIT_LOC_STRINGS = YES;
				SWIFT_VERSION = 5.0;
				TARGETED_DEVICE_FAMILY = "1,2";
			};
			name = Debug;
		};
		3365D3842BEE62E800AF1542 /* Release */ = {
			isa = XCBuildConfiguration;
			buildSettings = {
				ASSETCATALOG_COMPILER_APPICON_NAME = AppIcon;
				ASSETCATALOG_COMPILER_GLOBAL_ACCENT_COLOR_NAME = AccentColor;
				CODE_SIGN_ENTITLEMENTS = ResumeBuilderAI/ResumeBuilderAI.entitlements;
				CODE_SIGN_STYLE = Automatic;
				CURRENT_PROJECT_VERSION = 1;
				DEVELOPMENT_ASSET_PATHS = "\"ResumeBuilderAI/Preview Content\"";
				DEVELOPMENT_TEAM = ME637H7ZM9;
				ENABLE_HARDENED_RUNTIME = YES;
				ENABLE_PREVIEWS = YES;
				GENERATE_INFOPLIST_FILE = YES;
				"INFOPLIST_KEY_UIApplicationSceneManifest_Generation[sdk=iphoneos*]" = YES;
				"INFOPLIST_KEY_UIApplicationSceneManifest_Generation[sdk=iphonesimulator*]" = YES;
				"INFOPLIST_KEY_UIApplicationSupportsIndirectInputEvents[sdk=iphoneos*]" = YES;
				"INFOPLIST_KEY_UIApplicationSupportsIndirectInputEvents[sdk=iphonesimulator*]" = YES;
				"INFOPLIST_KEY_UILaunchScreen_Generation[sdk=iphoneos*]" = YES;
				"INFOPLIST_KEY_UILaunchScreen_Generation[sdk=iphonesimulator*]" = YES;
				"INFOPLIST_KEY_UIStatusBarStyle[sdk=iphoneos*]" = UIStatusBarStyleDefault;
				"INFOPLIST_KEY_UIStatusBarStyle[sdk=iphonesimulator*]" = UIStatusBarStyleDefault;
				INFOPLIST_KEY_UISupportedInterfaceOrientations_iPad = "UIInterfaceOrientationPortrait UIInterfaceOrientationPortraitUpsideDown UIInterfaceOrientationLandscapeLeft UIInterfaceOrientationLandscapeRight";
				INFOPLIST_KEY_UISupportedInterfaceOrientations_iPhone = "UIInterfaceOrientationPortrait UIInterfaceOrientationLandscapeLeft UIInterfaceOrientationLandscapeRight";
				IPHONEOS_DEPLOYMENT_TARGET = 17.4;
				LD_RUNPATH_SEARCH_PATHS = "@executable_path/Frameworks";
				"LD_RUNPATH_SEARCH_PATHS[sdk=macosx*]" = "@executable_path/../Frameworks";
				MACOSX_DEPLOYMENT_TARGET = 14.4;
				MARKETING_VERSION = 1.0;
				PRODUCT_BUNDLE_IDENTIFIER = com.deda.ResumeBuilderAI;
				PRODUCT_NAME = "$(TARGET_NAME)";
				SDKROOT = auto;
				SUPPORTED_PLATFORMS = "iphoneos iphonesimulator macosx";
				SWIFT_EMIT_LOC_STRINGS = YES;
				SWIFT_VERSION = 5.0;
				TARGETED_DEVICE_FAMILY = "1,2";
			};
			name = Release;
		};
		3365D3862BEE62E800AF1542 /* Debug */ = {
			isa = XCBuildConfiguration;
			buildSettings = {
				ALWAYS_EMBED_SWIFT_STANDARD_LIBRARIES = YES;
				BUNDLE_LOADER = "$(TEST_HOST)";
				CODE_SIGN_STYLE = Automatic;
				CURRENT_PROJECT_VERSION = 1;
				DEVELOPMENT_TEAM = ME637H7ZM9;
				GENERATE_INFOPLIST_FILE = YES;
				IPHONEOS_DEPLOYMENT_TARGET = 17.4;
				MACOSX_DEPLOYMENT_TARGET = 14.4;
				MARKETING_VERSION = 1.0;
				PRODUCT_BUNDLE_IDENTIFIER = com.deda.ResumeBuilderAITests;
				PRODUCT_NAME = "$(TARGET_NAME)";
				SDKROOT = auto;
				SUPPORTED_PLATFORMS = "iphoneos iphonesimulator macosx";
				SWIFT_EMIT_LOC_STRINGS = NO;
				SWIFT_VERSION = 5.0;
				TARGETED_DEVICE_FAMILY = "1,2";
				TEST_HOST = "$(BUILT_PRODUCTS_DIR)/ResumeBuilderAI.app/$(BUNDLE_EXECUTABLE_FOLDER_PATH)/ResumeBuilderAI";
			};
			name = Debug;
		};
		3365D3872BEE62E800AF1542 /* Release */ = {
			isa = XCBuildConfiguration;
			buildSettings = {
				ALWAYS_EMBED_SWIFT_STANDARD_LIBRARIES = YES;
				BUNDLE_LOADER = "$(TEST_HOST)";
				CODE_SIGN_STYLE = Automatic;
				CURRENT_PROJECT_VERSION = 1;
				DEVELOPMENT_TEAM = ME637H7ZM9;
				GENERATE_INFOPLIST_FILE = YES;
				IPHONEOS_DEPLOYMENT_TARGET = 17.4;
				MACOSX_DEPLOYMENT_TARGET = 14.4;
				MARKETING_VERSION = 1.0;
				PRODUCT_BUNDLE_IDENTIFIER = com.deda.ResumeBuilderAITests;
				PRODUCT_NAME = "$(TARGET_NAME)";
				SDKROOT = auto;
				SUPPORTED_PLATFORMS = "iphoneos iphonesimulator macosx";
				SWIFT_EMIT_LOC_STRINGS = NO;
				SWIFT_VERSION = 5.0;
				TARGETED_DEVICE_FAMILY = "1,2";
				TEST_HOST = "$(BUILT_PRODUCTS_DIR)/ResumeBuilderAI.app/$(BUNDLE_EXECUTABLE_FOLDER_PATH)/ResumeBuilderAI";
			};
			name = Release;
		};
		3365D3892BEE62E800AF1542 /* Debug */ = {
			isa = XCBuildConfiguration;
			buildSettings = {
				ALWAYS_EMBED_SWIFT_STANDARD_LIBRARIES = YES;
				CODE_SIGN_STYLE = Automatic;
				CURRENT_PROJECT_VERSION = 1;
				DEVELOPMENT_TEAM = ME637H7ZM9;
				GENERATE_INFOPLIST_FILE = YES;
				IPHONEOS_DEPLOYMENT_TARGET = 17.4;
				MACOSX_DEPLOYMENT_TARGET = 14.4;
				MARKETING_VERSION = 1.0;
				PRODUCT_BUNDLE_IDENTIFIER = com.deda.ResumeBuilderAIUITests;
				PRODUCT_NAME = "$(TARGET_NAME)";
				SDKROOT = auto;
				SUPPORTED_PLATFORMS = "iphoneos iphonesimulator macosx";
				SWIFT_EMIT_LOC_STRINGS = NO;
				SWIFT_VERSION = 5.0;
				TARGETED_DEVICE_FAMILY = "1,2";
				TEST_TARGET_NAME = ResumeBuilderAI;
			};
			name = Debug;
		};
		3365D38A2BEE62E800AF1542 /* Release */ = {
			isa = XCBuildConfiguration;
			buildSettings = {
				ALWAYS_EMBED_SWIFT_STANDARD_LIBRARIES = YES;
				CODE_SIGN_STYLE = Automatic;
				CURRENT_PROJECT_VERSION = 1;
				DEVELOPMENT_TEAM = ME637H7ZM9;
				GENERATE_INFOPLIST_FILE = YES;
				IPHONEOS_DEPLOYMENT_TARGET = 17.4;
				MACOSX_DEPLOYMENT_TARGET = 14.4;
				MARKETING_VERSION = 1.0;
				PRODUCT_BUNDLE_IDENTIFIER = com.deda.ResumeBuilderAIUITests;
				PRODUCT_NAME = "$(TARGET_NAME)";
				SDKROOT = auto;
				SUPPORTED_PLATFORMS = "iphoneos iphonesimulator macosx";
				SWIFT_EMIT_LOC_STRINGS = NO;
				SWIFT_VERSION = 5.0;
				TARGETED_DEVICE_FAMILY = "1,2";
				TEST_TARGET_NAME = ResumeBuilderAI;
			};
			name = Release;
		};
/* End XCBuildConfiguration section */

/* Begin XCConfigurationList section */
		3365D3582BEE62E700AF1542 /* Build configuration list for PBXProject "ResumeBuilderAI" */ = {
			isa = XCConfigurationList;
			buildConfigurations = (
				3365D3802BEE62E800AF1542 /* Debug */,
				3365D3812BEE62E800AF1542 /* Release */,
			);
			defaultConfigurationIsVisible = 0;
			defaultConfigurationName = Release;
		};
		3365D3822BEE62E800AF1542 /* Build configuration list for PBXNativeTarget "ResumeBuilderAI" */ = {
			isa = XCConfigurationList;
			buildConfigurations = (
				3365D3832BEE62E800AF1542 /* Debug */,
				3365D3842BEE62E800AF1542 /* Release */,
			);
			defaultConfigurationIsVisible = 0;
			defaultConfigurationName = Release;
		};
		3365D3852BEE62E800AF1542 /* Build configuration list for PBXNativeTarget "ResumeBuilderAITests" */ = {
			isa = XCConfigurationList;
			buildConfigurations = (
				3365D3862BEE62E800AF1542 /* Debug */,
				3365D3872BEE62E800AF1542 /* Release */,
			);
			defaultConfigurationIsVisible = 0;
			defaultConfigurationName = Release;
		};
		3365D3882BEE62E800AF1542 /* Build configuration list for PBXNativeTarget "ResumeBuilderAIUITests" */ = {
			isa = XCConfigurationList;
			buildConfigurations = (
				3365D3892BEE62E800AF1542 /* Debug */,
				3365D38A2BEE62E800AF1542 /* Release */,
			);
			defaultConfigurationIsVisible = 0;
			defaultConfigurationName = Release;
		};
/* End XCConfigurationList section */
	};
	rootObject = 3365D3552BEE62E700AF1542 /* Project object */;
}
